
Microsoft Visual Studio Solution File, Format Version 12.00
# Visual Studio 15
VisualStudioVersion = 15.0.26228.9
MinimumVisualStudioVersion = 10.0.40219.1
Project("{E24C65DC-7377-472B-9ABA-BC803B73C61A}") = "001_Introduction", "F:\ITVDN Programing\12 [ITVDN] JavaScript Essential\[ITVDN] JavaScript Essential. JS_E_m\Урок 1. Введение в JavaScript\Samples\001_Introduction\", "{1580F347-44E6-44D4-ADCF-A22E8744A57A}"
	ProjectSection(WebsiteProperties) = preProject
		TargetFrameworkMoniker = ".NETFramework,Version%3Dv4.0"
		Debug.AspNetCompiler.VirtualPath = "/localhost_62239"
		Debug.AspNetCompiler.PhysicalPath = "F:\ITVDN Programing\12 [ITVDN] JavaScript Essential\[ITVDN] JavaScript Essential. JS_E_m\Урок 1. Введение в JavaScript\Samples\001_Introduction\"
		Debug.AspNetCompiler.TargetPath = "PrecompiledWeb\localhost_62239\"
		Debug.AspNetCompiler.Updateable = "true"
		Debug.AspNetCompiler.ForceOverwrite = "true"
		Debug.AspNetCompiler.FixedNames = "false"
		Debug.AspNetCompiler.Debug = "True"
		Release.AspNetCompiler.VirtualPath = "/localhost_62239"
		Release.AspNetCompiler.PhysicalPath = "F:\ITVDN Programing\12 [ITVDN] JavaScript Essential\[ITVDN] JavaScript Essential. JS_E_m\Урок 1. Введение в JavaScript\Samples\001_Introduction\"
		Release.AspNetCompiler.TargetPath = "PrecompiledWeb\localhost_62239\"
		Release.AspNetCompiler.Updateable = "true"
		Release.AspNetCompiler.ForceOverwrite = "true"
		Release.AspNetCompiler.FixedNames = "false"
		Release.AspNetCompiler.Debug = "False"
		VWDPort = "62239"
		SlnRelativePath = "F:\ITVDN Programing\12 [ITVDN] JavaScript Essential\[ITVDN] JavaScript Essential. JS_E_m\Урок 1. Введение в JavaScript\Samples\001_Introduction\"
	EndProjectSection
EndProject
Global
	GlobalSection(SolutionConfigurationPlatforms) = preSolution
		Debug|Any CPU = Debug|Any CPU
	EndGlobalSection
	GlobalSection(ProjectConfigurationPlatforms) = postSolution
		{1580F347-44E6-44D4-ADCF-A22E8744A57A}.Debug|Any CPU.ActiveCfg = Debug|Any CPU
		{1580F347-44E6-44D4-ADCF-A22E8744A57A}.Debug|Any CPU.Build.0 = Debug|Any CPU
	EndGlobalSection
	GlobalSection(SolutionProperties) = preSolution
		HideSolutionNode = FALSE
	EndGlobalSection
EndGlobal
